// !$*UTF8*$!
{
	archiveVersion = 1;
	classes = {
	};
	objectVersion = 56;
	objects = {

/* Begin PBXBuildFile section */
		1005B4A32BEBA5CE000697B3 /* UserView.swift in Sources */ = {isa = PBXBuildFile; fileRef = 1005B4A22BEBA5CE000697B3 /* UserView.swift */; };
		1005B4B42BEBAAEB000697B3 /* UserViewModel.swift in Sources */ = {isa = PBXBuildFile; fileRef = 1005B4B32BEBAAEB000697B3 /* UserViewModel.swift */; };
		1005B4B62BEBAE52000697B3 /* SetinsUserCellView.swift in Sources */ = {isa = PBXBuildFile; fileRef = 1005B4B52BEBAE52000697B3 /* SetinsUserCellView.swift */; };
		1005B4B92BEBB449000697B3 /* TabView.swift in Sources */ = {isa = PBXBuildFile; fileRef = 1005B4B82BEBB449000697B3 /* TabView.swift */; };
		1005B4BB2BEC1643000697B3 /* GoodsView.swift in Sources */ = {isa = PBXBuildFile; fileRef = 1005B4BA2BEC1643000697B3 /* GoodsView.swift */; };
		1005B4BE2BEC1FA0000697B3 /* GoodsViewModel.swift in Sources */ = {isa = PBXBuildFile; fileRef = 1005B4BD2BEC1FA0000697B3 /* GoodsViewModel.swift */; };
		1005B4C02BEC1FE0000697B3 /* GoodsModel.swift in Sources */ = {isa = PBXBuildFile; fileRef = 1005B4BF2BEC1FE0000697B3 /* GoodsModel.swift */; };
		1005B4C22BEC2123000697B3 /* GoodsCellView.swift in Sources */ = {isa = PBXBuildFile; fileRef = 1005B4C12BEC2123000697B3 /* GoodsCellView.swift */; };
		1005B4C42BECC4C3000697B3 /* FilterView.swift in Sources */ = {isa = PBXBuildFile; fileRef = 1005B4C32BECC4C2000697B3 /* FilterView.swift */; };
		1005B4C62BECF987000697B3 /* FilterViewModel.swift in Sources */ = {isa = PBXBuildFile; fileRef = 1005B4C52BECF987000697B3 /* FilterViewModel.swift */; };
		1005B4C82BED4BF0000697B3 /* SliderView.swift in Sources */ = {isa = PBXBuildFile; fileRef = 1005B4C72BED4BF0000697B3 /* SliderView.swift */; };
		1005B4D92BEE9BC0000697B3 /* PaymentView.swift in Sources */ = {isa = PBXBuildFile; fileRef = 1005B4D82BEE9BC0000697B3 /* PaymentView.swift */; };
		1005B4DC2BEE9F57000697B3 /* PaymentViewModel.swift in Sources */ = {isa = PBXBuildFile; fileRef = 1005B4DB2BEE9F57000697B3 /* PaymentViewModel.swift */; };
		1005B4ED2BF01927000697B3 /* Extension+Date.swift in Sources */ = {isa = PBXBuildFile; fileRef = 1005B4EC2BF01927000697B3 /* Extension+Date.swift */; };
		1043AA502BE8DB760069BB8B /* FurnitureAppApp.swift in Sources */ = {isa = PBXBuildFile; fileRef = 1043AA4F2BE8DB760069BB8B /* FurnitureAppApp.swift */; };
		1043AA522BE8DB760069BB8B /* ContentView.swift in Sources */ = {isa = PBXBuildFile; fileRef = 1043AA512BE8DB760069BB8B /* ContentView.swift */; };
		1043AA542BE8DB780069BB8B /* Assets.xcassets in Resources */ = {isa = PBXBuildFile; fileRef = 1043AA532BE8DB780069BB8B /* Assets.xcassets */; };
		1043AA572BE8DB780069BB8B /* Preview Assets.xcassets in Resources */ = {isa = PBXBuildFile; fileRef = 1043AA562BE8DB780069BB8B /* Preview Assets.xcassets */; };
		1043AA612BE8DB780069BB8B /* FurnitureAppTests.swift in Sources */ = {isa = PBXBuildFile; fileRef = 1043AA602BE8DB780069BB8B /* FurnitureAppTests.swift */; };
		1043AA6B2BE8DB780069BB8B /* FurnitureAppUITests.swift in Sources */ = {isa = PBXBuildFile; fileRef = 1043AA6A2BE8DB780069BB8B /* FurnitureAppUITests.swift */; };
		1043AA6D2BE8DB780069BB8B /* FurnitureAppUITestsLaunchTests.swift in Sources */ = {isa = PBXBuildFile; fileRef = 1043AA6C2BE8DB780069BB8B /* FurnitureAppUITestsLaunchTests.swift */; };
		1043AA7A2BE911760069BB8B /* SignUpView.swift in Sources */ = {isa = PBXBuildFile; fileRef = 1043AA792BE911760069BB8B /* SignUpView.swift */; };
		1043AA7C2BE923A00069BB8B /* Extension+UiAplication.swift in Sources */ = {isa = PBXBuildFile; fileRef = 1043AA7B2BE923A00069BB8B /* Extension+UiAplication.swift */; };
		1043AA7F2BE924210069BB8B /* VerificationView.swift in Sources */ = {isa = PBXBuildFile; fileRef = 1043AA7E2BE924200069BB8B /* VerificationView.swift */; };
		1043AA812BE95A500069BB8B /* VerificationNumberView.swift in Sources */ = {isa = PBXBuildFile; fileRef = 1043AA802BE95A500069BB8B /* VerificationNumberView.swift */; };
		1043AA832BE97E0B0069BB8B /* SignUpButtonView.swift in Sources */ = {isa = PBXBuildFile; fileRef = 1043AA822BE97E0B0069BB8B /* SignUpButtonView.swift */; };
		1043AA852BEA2C590069BB8B /* DetailView.swift in Sources */ = {isa = PBXBuildFile; fileRef = 1043AA842BEA2C590069BB8B /* DetailView.swift */; };
		1050EFE52BEAD1CE006BEB23 /* Extension+View.swift in Sources */ = {isa = PBXBuildFile; fileRef = 1050EFE42BEAD1CE006BEB23 /* Extension+View.swift */; };
		1050EFE72BEAD1F3006BEB23 /* RoudedRectangleView.swift in Sources */ = {isa = PBXBuildFile; fileRef = 1050EFE62BEAD1F3006BEB23 /* RoudedRectangleView.swift */; };
		1050EFE92BEAD21F006BEB23 /* ViewModifire.swift in Sources */ = {isa = PBXBuildFile; fileRef = 1050EFE82BEAD21F006BEB23 /* ViewModifire.swift */; };
		1050EFEE2BEB5B58006BEB23 /* SignUpViewModel.swift in Sources */ = {isa = PBXBuildFile; fileRef = 1050EFED2BEB5B58006BEB23 /* SignUpViewModel.swift */; };
/* End PBXBuildFile section */

/* Begin PBXContainerItemProxy section */
		1043AA5D2BE8DB780069BB8B /* PBXContainerItemProxy */ = {
			isa = PBXContainerItemProxy;
			containerPortal = 1043AA442BE8DB760069BB8B /* Project object */;
			proxyType = 1;
			remoteGlobalIDString = 1043AA4B2BE8DB760069BB8B;
			remoteInfo = FurnitureApp;
		};
		1043AA672BE8DB780069BB8B /* PBXContainerItemProxy */ = {
			isa = PBXContainerItemProxy;
			containerPortal = 1043AA442BE8DB760069BB8B /* Project object */;
			proxyType = 1;
			remoteGlobalIDString = 1043AA4B2BE8DB760069BB8B;
			remoteInfo = FurnitureApp;
		};
/* End PBXContainerItemProxy section */

/* Begin PBXFileReference section */
		1005B4A22BEBA5CE000697B3 /* UserView.swift */ = {isa = PBXFileReference; lastKnownFileType = sourcecode.swift; path = UserView.swift; sourceTree = "<group>"; };
		1005B4B32BEBAAEB000697B3 /* UserViewModel.swift */ = {isa = PBXFileReference; lastKnownFileType = sourcecode.swift; path = UserViewModel.swift; sourceTree = "<group>"; };
		1005B4B52BEBAE52000697B3 /* SetinsUserCellView.swift */ = {isa = PBXFileReference; lastKnownFileType = sourcecode.swift; path = SetinsUserCellView.swift; sourceTree = "<group>"; };
		1005B4B82BEBB449000697B3 /* TabView.swift */ = {isa = PBXFileReference; lastKnownFileType = sourcecode.swift; path = TabView.swift; sourceTree = "<group>"; };
		1005B4BA2BEC1643000697B3 /* GoodsView.swift */ = {isa = PBXFileReference; lastKnownFileType = sourcecode.swift; path = GoodsView.swift; sourceTree = "<group>"; };
		1005B4BD2BEC1FA0000697B3 /* GoodsViewModel.swift */ = {isa = PBXFileReference; lastKnownFileType = sourcecode.swift; path = GoodsViewModel.swift; sourceTree = "<group>"; };
		1005B4BF2BEC1FE0000697B3 /* GoodsModel.swift */ = {isa = PBXFileReference; lastKnownFileType = sourcecode.swift; path = GoodsModel.swift; sourceTree = "<group>"; };
		1005B4C12BEC2123000697B3 /* GoodsCellView.swift */ = {isa = PBXFileReference; lastKnownFileType = sourcecode.swift; path = GoodsCellView.swift; sourceTree = "<group>"; };
		1005B4C32BECC4C2000697B3 /* FilterView.swift */ = {isa = PBXFileReference; lastKnownFileType = sourcecode.swift; path = FilterView.swift; sourceTree = "<group>"; };
		1005B4C52BECF987000697B3 /* FilterViewModel.swift */ = {isa = PBXFileReference; lastKnownFileType = sourcecode.swift; path = FilterViewModel.swift; sourceTree = "<group>"; };
		1005B4C72BED4BF0000697B3 /* SliderView.swift */ = {isa = PBXFileReference; lastKnownFileType = sourcecode.swift; path = SliderView.swift; sourceTree = "<group>"; };
		1005B4D82BEE9BC0000697B3 /* PaymentView.swift */ = {isa = PBXFileReference; lastKnownFileType = sourcecode.swift; path = PaymentView.swift; sourceTree = "<group>"; };
		1005B4DB2BEE9F57000697B3 /* PaymentViewModel.swift */ = {isa = PBXFileReference; lastKnownFileType = sourcecode.swift; path = PaymentViewModel.swift; sourceTree = "<group>"; };
		1005B4EC2BF01927000697B3 /* Extension+Date.swift */ = {isa = PBXFileReference; lastKnownFileType = sourcecode.swift; path = "Extension+Date.swift"; sourceTree = "<group>"; };
		1043AA4C2BE8DB760069BB8B /* FurnitureApp.app */ = {isa = PBXFileReference; explicitFileType = wrapper.application; includeInIndex = 0; path = FurnitureApp.app; sourceTree = BUILT_PRODUCTS_DIR; };
		1043AA4F2BE8DB760069BB8B /* FurnitureAppApp.swift */ = {isa = PBXFileReference; lastKnownFileType = sourcecode.swift; path = FurnitureAppApp.swift; sourceTree = "<group>"; };
		1043AA512BE8DB760069BB8B /* ContentView.swift */ = {isa = PBXFileReference; lastKnownFileType = sourcecode.swift; path = ContentView.swift; sourceTree = "<group>"; };
		1043AA532BE8DB780069BB8B /* Assets.xcassets */ = {isa = PBXFileReference; lastKnownFileType = folder.assetcatalog; path = Assets.xcassets; sourceTree = "<group>"; };
		1043AA562BE8DB780069BB8B /* Preview Assets.xcassets */ = {isa = PBXFileReference; lastKnownFileType = folder.assetcatalog; path = "Preview Assets.xcassets"; sourceTree = "<group>"; };
		1043AA5C2BE8DB780069BB8B /* FurnitureAppTests.xctest */ = {isa = PBXFileReference; explicitFileType = wrapper.cfbundle; includeInIndex = 0; path = FurnitureAppTests.xctest; sourceTree = BUILT_PRODUCTS_DIR; };
		1043AA602BE8DB780069BB8B /* FurnitureAppTests.swift */ = {isa = PBXFileReference; lastKnownFileType = sourcecode.swift; path = FurnitureAppTests.swift; sourceTree = "<group>"; };
		1043AA662BE8DB780069BB8B /* FurnitureAppUITests.xctest */ = {isa = PBXFileReference; explicitFileType = wrapper.cfbundle; includeInIndex = 0; path = FurnitureAppUITests.xctest; sourceTree = BUILT_PRODUCTS_DIR; };
		1043AA6A2BE8DB780069BB8B /* FurnitureAppUITests.swift */ = {isa = PBXFileReference; lastKnownFileType = sourcecode.swift; path = FurnitureAppUITests.swift; sourceTree = "<group>"; };
		1043AA6C2BE8DB780069BB8B /* FurnitureAppUITestsLaunchTests.swift */ = {isa = PBXFileReference; lastKnownFileType = sourcecode.swift; path = FurnitureAppUITestsLaunchTests.swift; sourceTree = "<group>"; };
		1043AA792BE911760069BB8B /* SignUpView.swift */ = {isa = PBXFileReference; lastKnownFileType = sourcecode.swift; path = SignUpView.swift; sourceTree = "<group>"; };
		1043AA7B2BE923A00069BB8B /* Extension+UiAplication.swift */ = {isa = PBXFileReference; lastKnownFileType = sourcecode.swift; path = "Extension+UiAplication.swift"; sourceTree = "<group>"; };
		1043AA7E2BE924200069BB8B /* VerificationView.swift */ = {isa = PBXFileReference; lastKnownFileType = sourcecode.swift; path = VerificationView.swift; sourceTree = "<group>"; };
		1043AA802BE95A500069BB8B /* VerificationNumberView.swift */ = {isa = PBXFileReference; lastKnownFileType = sourcecode.swift; path = VerificationNumberView.swift; sourceTree = "<group>"; };
		1043AA822BE97E0B0069BB8B /* SignUpButtonView.swift */ = {isa = PBXFileReference; lastKnownFileType = sourcecode.swift; path = SignUpButtonView.swift; sourceTree = "<group>"; };
		1043AA842BEA2C590069BB8B /* DetailView.swift */ = {isa = PBXFileReference; lastKnownFileType = sourcecode.swift; path = DetailView.swift; sourceTree = "<group>"; };
		1050EFE42BEAD1CE006BEB23 /* Extension+View.swift */ = {isa = PBXFileReference; lastKnownFileType = sourcecode.swift; path = "Extension+View.swift"; sourceTree = "<group>"; };
		1050EFE62BEAD1F3006BEB23 /* RoudedRectangleView.swift */ = {isa = PBXFileReference; lastKnownFileType = sourcecode.swift; path = RoudedRectangleView.swift; sourceTree = "<group>"; };
		1050EFE82BEAD21F006BEB23 /* ViewModifire.swift */ = {isa = PBXFileReference; lastKnownFileType = sourcecode.swift; path = ViewModifire.swift; sourceTree = "<group>"; };
		1050EFED2BEB5B58006BEB23 /* SignUpViewModel.swift */ = {isa = PBXFileReference; lastKnownFileType = sourcecode.swift; path = SignUpViewModel.swift; sourceTree = "<group>"; };
/* End PBXFileReference section */

/* Begin PBXFrameworksBuildPhase section */
		1043AA492BE8DB760069BB8B /* Frameworks */ = {
			isa = PBXFrameworksBuildPhase;
			buildActionMask = 2147483647;
			files = (
			);
			runOnlyForDeploymentPostprocessing = 0;
		};
		1043AA592BE8DB780069BB8B /* Frameworks */ = {
			isa = PBXFrameworksBuildPhase;
			buildActionMask = 2147483647;
			files = (
			);
			runOnlyForDeploymentPostprocessing = 0;
		};
		1043AA632BE8DB780069BB8B /* Frameworks */ = {
			isa = PBXFrameworksBuildPhase;
			buildActionMask = 2147483647;
			files = (
			);
			runOnlyForDeploymentPostprocessing = 0;
		};
/* End PBXFrameworksBuildPhase section */

/* Begin PBXGroup section */
		1005B4B72BEBB1AB000697B3 /* UserModule */ = {
			isa = PBXGroup;
			children = (
				1005B4A22BEBA5CE000697B3 /* UserView.swift */,
				1005B4B32BEBAAEB000697B3 /* UserViewModel.swift */,
				1005B4B52BEBAE52000697B3 /* SetinsUserCellView.swift */,
			);
			path = UserModule;
			sourceTree = "<group>";
		};
		1005B4BC2BEC1647000697B3 /* GoodsModule */ = {
			isa = PBXGroup;
			children = (
				1005B4BA2BEC1643000697B3 /* GoodsView.swift */,
				1005B4BD2BEC1FA0000697B3 /* GoodsViewModel.swift */,
				1005B4BF2BEC1FE0000697B3 /* GoodsModel.swift */,
				1005B4C12BEC2123000697B3 /* GoodsCellView.swift */,
			);
			path = GoodsModule;
			sourceTree = "<group>";
		};
		1005B4DA2BEE9BC3000697B3 /* PaymentModeule */ = {
			isa = PBXGroup;
			children = (
				1005B4D82BEE9BC0000697B3 /* PaymentView.swift */,
				1005B4DB2BEE9F57000697B3 /* PaymentViewModel.swift */,
			);
			path = PaymentModeule;
			sourceTree = "<group>";
		};
		1043AA432BE8DB760069BB8B = {
			isa = PBXGroup;
			children = (
				1043AA4E2BE8DB760069BB8B /* FurnitureApp */,
				1043AA5F2BE8DB780069BB8B /* FurnitureAppTests */,
				1043AA692BE8DB780069BB8B /* FurnitureAppUITests */,
				1043AA4D2BE8DB760069BB8B /* Products */,
			);
			sourceTree = "<group>";
		};
		1043AA4D2BE8DB760069BB8B /* Products */ = {
			isa = PBXGroup;
			children = (
				1043AA4C2BE8DB760069BB8B /* FurnitureApp.app */,
				1043AA5C2BE8DB780069BB8B /* FurnitureAppTests.xctest */,
				1043AA662BE8DB780069BB8B /* FurnitureAppUITests.xctest */,
			);
			name = Products;
			sourceTree = "<group>";
		};
		1043AA4E2BE8DB760069BB8B /* FurnitureApp */ = {
			isa = PBXGroup;
			children = (
				1043AA4F2BE8DB760069BB8B /* FurnitureAppApp.swift */,
				1043AA512BE8DB760069BB8B /* ContentView.swift */,
				1005B4DA2BEE9BC3000697B3 /* PaymentModeule */,
				1005B4B82BEBB449000697B3 /* TabView.swift */,
				1005B4C32BECC4C2000697B3 /* FilterView.swift */,
				1005B4C72BED4BF0000697B3 /* SliderView.swift */,
				1005B4C52BECF987000697B3 /* FilterViewModel.swift */,
				1005B4BC2BEC1647000697B3 /* GoodsModule */,
				1005B4B72BEBB1AB000697B3 /* UserModule */,
				1050EFEC2BEB5B3C006BEB23 /* SigUpModule */,
				1043AA7E2BE924200069BB8B /* VerificationView.swift */,
				1043AA802BE95A500069BB8B /* VerificationNumberView.swift */,
				1043AA842BEA2C590069BB8B /* DetailView.swift */,
				1050EFEB2BEB56F8006BEB23 /* HelpView */,
				1050EFEA2BEB56E3006BEB23 /* Modifire */,
				1043AA7D2BE923FD0069BB8B /* Extension */,
				1043AA532BE8DB780069BB8B /* Assets.xcassets */,
				1043AA552BE8DB780069BB8B /* Preview Content */,
			);
			path = FurnitureApp;
			sourceTree = "<group>";
		};
		1043AA552BE8DB780069BB8B /* Preview Content */ = {
			isa = PBXGroup;
			children = (
				1043AA562BE8DB780069BB8B /* Preview Assets.xcassets */,
			);
			path = "Preview Content";
			sourceTree = "<group>";
		};
		1043AA5F2BE8DB780069BB8B /* FurnitureAppTests */ = {
			isa = PBXGroup;
			children = (
				1043AA602BE8DB780069BB8B /* FurnitureAppTests.swift */,
			);
			path = FurnitureAppTests;
			sourceTree = "<group>";
		};
		1043AA692BE8DB780069BB8B /* FurnitureAppUITests */ = {
			isa = PBXGroup;
			children = (
				1043AA6A2BE8DB780069BB8B /* FurnitureAppUITests.swift */,
				1043AA6C2BE8DB780069BB8B /* FurnitureAppUITestsLaunchTests.swift */,
			);
			path = FurnitureAppUITests;
			sourceTree = "<group>";
		};
		1043AA7D2BE923FD0069BB8B /* Extension */ = {
			isa = PBXGroup;
			children = (
				1043AA7B2BE923A00069BB8B /* Extension+UiAplication.swift */,
				1050EFE42BEAD1CE006BEB23 /* Extension+View.swift */,
				1005B4EC2BF01927000697B3 /* Extension+Date.swift */,
			);
			path = Extension;
			sourceTree = "<group>";
		};
		1050EFEA2BEB56E3006BEB23 /* Modifire */ = {
			isa = PBXGroup;
			children = (
				1050EFE82BEAD21F006BEB23 /* ViewModifire.swift */,
			);
			path = Modifire;
			sourceTree = "<group>";
		};
		1050EFEB2BEB56F8006BEB23 /* HelpView */ = {
			isa = PBXGroup;
			children = (
				1050EFE62BEAD1F3006BEB23 /* RoudedRectangleView.swift */,
				1043AA822BE97E0B0069BB8B /* SignUpButtonView.swift */,
			);
			path = HelpView;
			sourceTree = "<group>";
		};
		1050EFEC2BEB5B3C006BEB23 /* SigUpModule */ = {
			isa = PBXGroup;
			children = (
				1043AA792BE911760069BB8B /* SignUpView.swift */,
				1050EFED2BEB5B58006BEB23 /* SignUpViewModel.swift */,
			);
			path = SigUpModule;
			sourceTree = "<group>";
		};
/* End PBXGroup section */

/* Begin PBXNativeTarget section */
		1043AA4B2BE8DB760069BB8B /* FurnitureApp */ = {
			isa = PBXNativeTarget;
			buildConfigurationList = 1043AA702BE8DB780069BB8B /* Build configuration list for PBXNativeTarget "FurnitureApp" */;
			buildPhases = (
				1043AA482BE8DB760069BB8B /* Sources */,
				1043AA492BE8DB760069BB8B /* Frameworks */,
				1043AA4A2BE8DB760069BB8B /* Resources */,
			);
			buildRules = (
			);
			dependencies = (
			);
			name = FurnitureApp;
			productName = FurnitureApp;
			productReference = 1043AA4C2BE8DB760069BB8B /* FurnitureApp.app */;
			productType = "com.apple.product-type.application";
		};
		1043AA5B2BE8DB780069BB8B /* FurnitureAppTests */ = {
			isa = PBXNativeTarget;
			buildConfigurationList = 1043AA732BE8DB780069BB8B /* Build configuration list for PBXNativeTarget "FurnitureAppTests" */;
			buildPhases = (
				1043AA582BE8DB780069BB8B /* Sources */,
				1043AA592BE8DB780069BB8B /* Frameworks */,
				1043AA5A2BE8DB780069BB8B /* Resources */,
			);
			buildRules = (
			);
			dependencies = (
				1043AA5E2BE8DB780069BB8B /* PBXTargetDependency */,
			);
			name = FurnitureAppTests;
			productName = FurnitureAppTests;
			productReference = 1043AA5C2BE8DB780069BB8B /* FurnitureAppTests.xctest */;
			productType = "com.apple.product-type.bundle.unit-test";
		};
		1043AA652BE8DB780069BB8B /* FurnitureAppUITests */ = {
			isa = PBXNativeTarget;
			buildConfigurationList = 1043AA762BE8DB780069BB8B /* Build configuration list for PBXNativeTarget "FurnitureAppUITests" */;
			buildPhases = (
				1043AA622BE8DB780069BB8B /* Sources */,
				1043AA632BE8DB780069BB8B /* Frameworks */,
				1043AA642BE8DB780069BB8B /* Resources */,
			);
			buildRules = (
			);
			dependencies = (
				1043AA682BE8DB780069BB8B /* PBXTargetDependency */,
			);
			name = FurnitureAppUITests;
			productName = FurnitureAppUITests;
			productReference = 1043AA662BE8DB780069BB8B /* FurnitureAppUITests.xctest */;
			productType = "com.apple.product-type.bundle.ui-testing";
		};
/* End PBXNativeTarget section */

/* Begin PBXProject section */
		1043AA442BE8DB760069BB8B /* Project object */ = {
			isa = PBXProject;
			attributes = {
				BuildIndependentTargetsInParallel = 1;
				LastSwiftUpdateCheck = 1530;
				LastUpgradeCheck = 1530;
				TargetAttributes = {
					1043AA4B2BE8DB760069BB8B = {
						CreatedOnToolsVersion = 15.3;
					};
					1043AA5B2BE8DB780069BB8B = {
						CreatedOnToolsVersion = 15.3;
						TestTargetID = 1043AA4B2BE8DB760069BB8B;
					};
					1043AA652BE8DB780069BB8B = {
						CreatedOnToolsVersion = 15.3;
						TestTargetID = 1043AA4B2BE8DB760069BB8B;
					};
				};
			};
			buildConfigurationList = 1043AA472BE8DB760069BB8B /* Build configuration list for PBXProject "FurnitureApp" */;
			compatibilityVersion = "Xcode 14.0";
			developmentRegion = en;
			hasScannedForEncodings = 0;
			knownRegions = (
				en,
				Base,
			);
			mainGroup = 1043AA432BE8DB760069BB8B;
			productRefGroup = 1043AA4D2BE8DB760069BB8B /* Products */;
			projectDirPath = "";
			projectRoot = "";
			targets = (
				1043AA4B2BE8DB760069BB8B /* FurnitureApp */,
				1043AA5B2BE8DB780069BB8B /* FurnitureAppTests */,
				1043AA652BE8DB780069BB8B /* FurnitureAppUITests */,
			);
		};
/* End PBXProject section */

/* Begin PBXResourcesBuildPhase section */
		1043AA4A2BE8DB760069BB8B /* Resources */ = {
			isa = PBXResourcesBuildPhase;
			buildActionMask = 2147483647;
			files = (
				1043AA572BE8DB780069BB8B /* Preview Assets.xcassets in Resources */,
				1043AA542BE8DB780069BB8B /* Assets.xcassets in Resources */,
			);
			runOnlyForDeploymentPostprocessing = 0;
		};
		1043AA5A2BE8DB780069BB8B /* Resources */ = {
			isa = PBXResourcesBuildPhase;
			buildActionMask = 2147483647;
			files = (
			);
			runOnlyForDeploymentPostprocessing = 0;
		};
		1043AA642BE8DB780069BB8B /* Resources */ = {
			isa = PBXResourcesBuildPhase;
			buildActionMask = 2147483647;
			files = (
			);
			runOnlyForDeploymentPostprocessing = 0;
		};
/* End PBXResourcesBuildPhase section */

/* Begin PBXSourcesBuildPhase section */
		1043AA482BE8DB760069BB8B /* Sources */ = {
			isa = PBXSourcesBuildPhase;
			buildActionMask = 2147483647;
			files = (
				1043AA7F2BE924210069BB8B /* VerificationView.swift in Sources */,
				1005B4B62BEBAE52000697B3 /* SetinsUserCellView.swift in Sources */,
				1050EFE52BEAD1CE006BEB23 /* Extension+View.swift in Sources */,
				1043AA852BEA2C590069BB8B /* DetailView.swift in Sources */,
				1005B4C02BEC1FE0000697B3 /* GoodsModel.swift in Sources */,
				1043AA522BE8DB760069BB8B /* ContentView.swift in Sources */,
				1043AA7C2BE923A00069BB8B /* Extension+UiAplication.swift in Sources */,
				1005B4C42BECC4C3000697B3 /* FilterView.swift in Sources */,
				1005B4C62BECF987000697B3 /* FilterViewModel.swift in Sources */,
				1005B4B42BEBAAEB000697B3 /* UserViewModel.swift in Sources */,
				1005B4BB2BEC1643000697B3 /* GoodsView.swift in Sources */,
				1005B4C22BEC2123000697B3 /* GoodsCellView.swift in Sources */,
				1050EFE92BEAD21F006BEB23 /* ViewModifire.swift in Sources */,
				1005B4D92BEE9BC0000697B3 /* PaymentView.swift in Sources */,
				1043AA7A2BE911760069BB8B /* SignUpView.swift in Sources */,
				1043AA812BE95A500069BB8B /* VerificationNumberView.swift in Sources */,
				1005B4DC2BEE9F57000697B3 /* PaymentViewModel.swift in Sources */,
				1005B4B92BEBB449000697B3 /* TabView.swift in Sources */,
				1043AA832BE97E0B0069BB8B /* SignUpButtonView.swift in Sources */,
				1043AA502BE8DB760069BB8B /* FurnitureAppApp.swift in Sources */,
				1005B4A32BEBA5CE000697B3 /* UserView.swift in Sources */,
				1050EFEE2BEB5B58006BEB23 /* SignUpViewModel.swift in Sources */,
				1050EFE72BEAD1F3006BEB23 /* RoudedRectangleView.swift in Sources */,
				1005B4C82BED4BF0000697B3 /* SliderView.swift in Sources */,
				1005B4BE2BEC1FA0000697B3 /* GoodsViewModel.swift in Sources */,
				1005B4ED2BF01927000697B3 /* Extension+Date.swift in Sources */,
			);
			runOnlyForDeploymentPostprocessing = 0;
		};
		1043AA582BE8DB780069BB8B /* Sources */ = {
			isa = PBXSourcesBuildPhase;
			buildActionMask = 2147483647;
			files = (
				1043AA612BE8DB780069BB8B /* FurnitureAppTests.swift in Sources */,
			);
			runOnlyForDeploymentPostprocessing = 0;
		};
		1043AA622BE8DB780069BB8B /* Sources */ = {
			isa = PBXSourcesBuildPhase;
			buildActionMask = 2147483647;
			files = (
				1043AA6B2BE8DB780069BB8B /* FurnitureAppUITests.swift in Sources */,
				1043AA6D2BE8DB780069BB8B /* FurnitureAppUITestsLaunchTests.swift in Sources */,
			);
			runOnlyForDeploymentPostprocessing = 0;
		};
/* End PBXSourcesBuildPhase section */

/* Begin PBXTargetDependency section */
		1043AA5E2BE8DB780069BB8B /* PBXTargetDependency */ = {
			isa = PBXTargetDependency;
			target = 1043AA4B2BE8DB760069BB8B /* FurnitureApp */;
			targetProxy = 1043AA5D2BE8DB780069BB8B /* PBXContainerItemProxy */;
		};
		1043AA682BE8DB780069BB8B /* PBXTargetDependency */ = {
			isa = PBXTargetDependency;
			target = 1043AA4B2BE8DB760069BB8B /* FurnitureApp */;
			targetProxy = 1043AA672BE8DB780069BB8B /* PBXContainerItemProxy */;
		};
/* End PBXTargetDependency section */

/* Begin XCBuildConfiguration section */
		1043AA6E2BE8DB780069BB8B /* Debug */ = {
			isa = XCBuildConfiguration;
			buildSettings = {
				ALWAYS_SEARCH_USER_PATHS = NO;
				ASSETCATALOG_COMPILER_GENERATE_SWIFT_ASSET_SYMBOL_EXTENSIONS = YES;
				CLANG_ANALYZER_NONNULL = YES;
				CLANG_ANALYZER_NUMBER_OBJECT_CONVERSION = YES_AGGRESSIVE;
				CLANG_CXX_LANGUAGE_STANDARD = "gnu++20";
				CLANG_ENABLE_MODULES = YES;
				CLANG_ENABLE_OBJC_ARC = YES;
				CLANG_ENABLE_OBJC_WEAK = YES;
				CLANG_WARN_BLOCK_CAPTURE_AUTORELEASING = YES;
				CLANG_WARN_BOOL_CONVERSION = YES;
				CLANG_WARN_COMMA = YES;
				CLANG_WARN_CONSTANT_CONVERSION = YES;
				CLANG_WARN_DEPRECATED_OBJC_IMPLEMENTATIONS = YES;
				CLANG_WARN_DIRECT_OBJC_ISA_USAGE = YES_ERROR;
				CLANG_WARN_DOCUMENTATION_COMMENTS = YES;
				CLANG_WARN_EMPTY_BODY = YES;
				CLANG_WARN_ENUM_CONVERSION = YES;
				CLANG_WARN_INFINITE_RECURSION = YES;
				CLANG_WARN_INT_CONVERSION = YES;
				CLANG_WARN_NON_LITERAL_NULL_CONVERSION = YES;
				CLANG_WARN_OBJC_IMPLICIT_RETAIN_SELF = YES;
				CLANG_WARN_OBJC_LITERAL_CONVERSION = YES;
				CLANG_WARN_OBJC_ROOT_CLASS = YES_ERROR;
				CLANG_WARN_QUOTED_INCLUDE_IN_FRAMEWORK_HEADER = YES;
				CLANG_WARN_RANGE_LOOP_ANALYSIS = YES;
				CLANG_WARN_STRICT_PROTOTYPES = YES;
				CLANG_WARN_SUSPICIOUS_MOVE = YES;
				CLANG_WARN_UNGUARDED_AVAILABILITY = YES_AGGRESSIVE;
				CLANG_WARN_UNREACHABLE_CODE = YES;
				CLANG_WARN__DUPLICATE_METHOD_MATCH = YES;
				COPY_PHASE_STRIP = NO;
				DEBUG_INFORMATION_FORMAT = dwarf;
				ENABLE_STRICT_OBJC_MSGSEND = YES;
				ENABLE_TESTABILITY = YES;
				ENABLE_USER_SCRIPT_SANDBOXING = YES;
				GCC_C_LANGUAGE_STANDARD = gnu17;
				GCC_DYNAMIC_NO_PIC = NO;
				GCC_NO_COMMON_BLOCKS = YES;
				GCC_OPTIMIZATION_LEVEL = 0;
				GCC_PREPROCESSOR_DEFINITIONS = (
					"DEBUG=1",
					"$(inherited)",
				);
				GCC_WARN_64_TO_32_BIT_CONVERSION = YES;
				GCC_WARN_ABOUT_RETURN_TYPE = YES_ERROR;
				GCC_WARN_UNDECLARED_SELECTOR = YES;
				GCC_WARN_UNINITIALIZED_AUTOS = YES_AGGRESSIVE;
				GCC_WARN_UNUSED_FUNCTION = YES;
				GCC_WARN_UNUSED_VARIABLE = YES;
				IPHONEOS_DEPLOYMENT_TARGET = 17.4;
				LOCALIZATION_PREFERS_STRING_CATALOGS = YES;
				MTL_ENABLE_DEBUG_INFO = INCLUDE_SOURCE;
				MTL_FAST_MATH = YES;
				ONLY_ACTIVE_ARCH = YES;
				SDKROOT = iphoneos;
				SWIFT_ACTIVE_COMPILATION_CONDITIONS = "DEBUG $(inherited)";
				SWIFT_OPTIMIZATION_LEVEL = "-Onone";
			};
			name = Debug;
		};
		1043AA6F2BE8DB780069BB8B /* Release */ = {
			isa = XCBuildConfiguration;
			buildSettings = {
				ALWAYS_SEARCH_USER_PATHS = NO;
				ASSETCATALOG_COMPILER_GENERATE_SWIFT_ASSET_SYMBOL_EXTENSIONS = YES;
				CLANG_ANALYZER_NONNULL = YES;
				CLANG_ANALYZER_NUMBER_OBJECT_CONVERSION = YES_AGGRESSIVE;
				CLANG_CXX_LANGUAGE_STANDARD = "gnu++20";
				CLANG_ENABLE_MODULES = YES;
				CLANG_ENABLE_OBJC_ARC = YES;
				CLANG_ENABLE_OBJC_WEAK = YES;
				CLANG_WARN_BLOCK_CAPTURE_AUTORELEASING = YES;
				CLANG_WARN_BOOL_CONVERSION = YES;
				CLANG_WARN_COMMA = YES;
				CLANG_WARN_CONSTANT_CONVERSION = YES;
				CLANG_WARN_DEPRECATED_OBJC_IMPLEMENTATIONS = YES;
				CLANG_WARN_DIRECT_OBJC_ISA_USAGE = YES_ERROR;
				CLANG_WARN_DOCUMENTATION_COMMENTS = YES;
				CLANG_WARN_EMPTY_BODY = YES;
				CLANG_WARN_ENUM_CONVERSION = YES;
				CLANG_WARN_INFINITE_RECURSION = YES;
				CLANG_WARN_INT_CONVERSION = YES;
				CLANG_WARN_NON_LITERAL_NULL_CONVERSION = YES;
				CLANG_WARN_OBJC_IMPLICIT_RETAIN_SELF = YES;
				CLANG_WARN_OBJC_LITERAL_CONVERSION = YES;
				CLANG_WARN_OBJC_ROOT_CLASS = YES_ERROR;
				CLANG_WARN_QUOTED_INCLUDE_IN_FRAMEWORK_HEADER = YES;
				CLANG_WARN_RANGE_LOOP_ANALYSIS = YES;
				CLANG_WARN_STRICT_PROTOTYPES = YES;
				CLANG_WARN_SUSPICIOUS_MOVE = YES;
				CLANG_WARN_UNGUARDED_AVAILABILITY = YES_AGGRESSIVE;
				CLANG_WARN_UNREACHABLE_CODE = YES;
				CLANG_WARN__DUPLICATE_METHOD_MATCH = YES;
				COPY_PHASE_STRIP = NO;
				DEBUG_INFORMATION_FORMAT = "dwarf-with-dsym";
				ENABLE_NS_ASSERTIONS = NO;
				ENABLE_STRICT_OBJC_MSGSEND = YES;
				ENABLE_USER_SCRIPT_SANDBOXING = YES;
				GCC_C_LANGUAGE_STANDARD = gnu17;
				GCC_NO_COMMON_BLOCKS = YES;
				GCC_WARN_64_TO_32_BIT_CONVERSION = YES;
				GCC_WARN_ABOUT_RETURN_TYPE = YES_ERROR;
				GCC_WARN_UNDECLARED_SELECTOR = YES;
				GCC_WARN_UNINITIALIZED_AUTOS = YES_AGGRESSIVE;
				GCC_WARN_UNUSED_FUNCTION = YES;
				GCC_WARN_UNUSED_VARIABLE = YES;
				IPHONEOS_DEPLOYMENT_TARGET = 17.4;
				LOCALIZATION_PREFERS_STRING_CATALOGS = YES;
				MTL_ENABLE_DEBUG_INFO = NO;
				MTL_FAST_MATH = YES;
				SDKROOT = iphoneos;
				SWIFT_COMPILATION_MODE = wholemodule;
				VALIDATE_PRODUCT = YES;
			};
			name = Release;
		};
		1043AA712BE8DB780069BB8B /* Debug */ = {
			isa = XCBuildConfiguration;
			buildSettings = {
				ASSETCATALOG_COMPILER_APPICON_NAME = AppIcon;
				ASSETCATALOG_COMPILER_GLOBAL_ACCENT_COLOR_NAME = AccentColor;
				CODE_SIGN_STYLE = Automatic;
				CURRENT_PROJECT_VERSION = 1;
				DEVELOPMENT_ASSET_PATHS = "\"FurnitureApp/Preview Content\"";
				ENABLE_PREVIEWS = YES;
				GENERATE_INFOPLIST_FILE = YES;
				INFOPLIST_KEY_UIApplicationSceneManifest_Generation = YES;
				INFOPLIST_KEY_UIApplicationSupportsIndirectInputEvents = YES;
				INFOPLIST_KEY_UILaunchScreen_Generation = YES;
				INFOPLIST_KEY_UISupportedInterfaceOrientations_iPad = "UIInterfaceOrientationPortrait UIInterfaceOrientationPortraitUpsideDown UIInterfaceOrientationLandscapeLeft UIInterfaceOrientationLandscapeRight";
				INFOPLIST_KEY_UISupportedInterfaceOrientations_iPhone = "UIInterfaceOrientationPortrait UIInterfaceOrientationLandscapeLeft UIInterfaceOrientationLandscapeRight";
				LD_RUNPATH_SEARCH_PATHS = (
					"$(inherited)",
					"@executable_path/Frameworks",
				);
				MARKETING_VERSION = 1.0;
				PRODUCT_BUNDLE_IDENTIFIER = com.raywenderlich.FurnitureApp;
				PRODUCT_NAME = "$(TARGET_NAME)";
				SWIFT_EMIT_LOC_STRINGS = YES;
				SWIFT_VERSION = 5.0;
				TARGETED_DEVICE_FAMILY = "1,2";
			};
			name = Debug;
		};
		1043AA722BE8DB780069BB8B /* Release */ = {
			isa = XCBuildConfiguration;
			buildSettings = {
				ASSETCATALOG_COMPILER_APPICON_NAME = AppIcon;
				ASSETCATALOG_COMPILER_GLOBAL_ACCENT_COLOR_NAME = AccentColor;
				CODE_SIGN_STYLE = Automatic;
				CURRENT_PROJECT_VERSION = 1;
				DEVELOPMENT_ASSET_PATHS = "\"FurnitureApp/Preview Content\"";
				ENABLE_PREVIEWS = YES;
				GENERATE_INFOPLIST_FILE = YES;
				INFOPLIST_KEY_UIApplicationSceneManifest_Generation = YES;
				INFOPLIST_KEY_UIApplicationSupportsIndirectInputEvents = YES;
				INFOPLIST_KEY_UILaunchScreen_Generation = YES;
				INFOPLIST_KEY_UISupportedInterfaceOrientations_iPad = "UIInterfaceOrientationPortrait UIInterfaceOrientationPortraitUpsideDown UIInterfaceOrientationLandscapeLeft UIInterfaceOrientationLandscapeRight";
				INFOPLIST_KEY_UISupportedInterfaceOrientations_iPhone = "UIInterfaceOrientationPortrait UIInterfaceOrientationLandscapeLeft UIInterfaceOrientationLandscapeRight";
				LD_RUNPATH_SEARCH_PATHS = (
					"$(inherited)",
					"@executable_path/Frameworks",
				);
				MARKETING_VERSION = 1.0;
				PRODUCT_BUNDLE_IDENTIFIER = com.raywenderlich.FurnitureApp;
				PRODUCT_NAME = "$(TARGET_NAME)";
				SWIFT_EMIT_LOC_STRINGS = YES;
				SWIFT_VERSION = 5.0;
				TARGETED_DEVICE_FAMILY = "1,2";
			};
			name = Release;
		};
		1043AA742BE8DB780069BB8B /* Debug */ = {
			isa = XCBuildConfiguration;
			buildSettings = {
				ALWAYS_EMBED_SWIFT_STANDARD_LIBRARIES = YES;
				BUNDLE_LOADER = "$(TEST_HOST)";
				CODE_SIGN_STYLE = Automatic;
				CURRENT_PROJECT_VERSION = 1;
				GENERATE_INFOPLIST_FILE = YES;
				IPHONEOS_DEPLOYMENT_TARGET = 17.4;
				MARKETING_VERSION = 1.0;
				PRODUCT_BUNDLE_IDENTIFIER = com.raywenderlich.FurnitureAppTests;
				PRODUCT_NAME = "$(TARGET_NAME)";
				SWIFT_EMIT_LOC_STRINGS = NO;
				SWIFT_VERSION = 5.0;
				TARGETED_DEVICE_FAMILY = "1,2";
				TEST_HOST = "$(BUILT_PRODUCTS_DIR)/FurnitureApp.app/$(BUNDLE_EXECUTABLE_FOLDER_PATH)/FurnitureApp";
			};
			name = Debug;
		};
		1043AA752BE8DB780069BB8B /* Release */ = {
			isa = XCBuildConfiguration;
			buildSettings = {
				ALWAYS_EMBED_SWIFT_STANDARD_LIBRARIES = YES;
				BUNDLE_LOADER = "$(TEST_HOST)";
				CODE_SIGN_STYLE = Automatic;
				CURRENT_PROJECT_VERSION = 1;
				GENERATE_INFOPLIST_FILE = YES;
				IPHONEOS_DEPLOYMENT_TARGET = 17.4;
				MARKETING_VERSION = 1.0;
				PRODUCT_BUNDLE_IDENTIFIER = com.raywenderlich.FurnitureAppTests;
				PRODUCT_NAME = "$(TARGET_NAME)";
				SWIFT_EMIT_LOC_STRINGS = NO;
				SWIFT_VERSION = 5.0;
				TARGETED_DEVICE_FAMILY = "1,2";
				TEST_HOST = "$(BUILT_PRODUCTS_DIR)/FurnitureApp.app/$(BUNDLE_EXECUTABLE_FOLDER_PATH)/FurnitureApp";
			};
			name = Release;
		};
		1043AA772BE8DB780069BB8B /* Debug */ = {
			isa = XCBuildConfiguration;
			buildSettings = {
				ALWAYS_EMBED_SWIFT_STANDARD_LIBRARIES = YES;
				CODE_SIGN_STYLE = Automatic;
				CURRENT_PROJECT_VERSION = 1;
				GENERATE_INFOPLIST_FILE = YES;
				MARKETING_VERSION = 1.0;
				PRODUCT_BUNDLE_IDENTIFIER = com.raywenderlich.FurnitureAppUITests;
				PRODUCT_NAME = "$(TARGET_NAME)";
				SWIFT_EMIT_LOC_STRINGS = NO;
				SWIFT_VERSION = 5.0;
				TARGETED_DEVICE_FAMILY = "1,2";
				TEST_TARGET_NAME = FurnitureApp;
			};
			name = Debug;
		};
		1043AA782BE8DB780069BB8B /* Release */ = {
			isa = XCBuildConfiguration;
			buildSettings = {
				ALWAYS_EMBED_SWIFT_STANDARD_LIBRARIES = YES;
				CODE_SIGN_STYLE = Automatic;
				CURRENT_PROJECT_VERSION = 1;
				GENERATE_INFOPLIST_FILE = YES;
				MARKETING_VERSION = 1.0;
				PRODUCT_BUNDLE_IDENTIFIER = com.raywenderlich.FurnitureAppUITests;
				PRODUCT_NAME = "$(TARGET_NAME)";
				SWIFT_EMIT_LOC_STRINGS = NO;
				SWIFT_VERSION = 5.0;
				TARGETED_DEVICE_FAMILY = "1,2";
				TEST_TARGET_NAME = FurnitureApp;
			};
			name = Release;
		};
/* End XCBuildConfiguration section */

/* Begin XCConfigurationList section */
		1043AA472BE8DB760069BB8B /* Build configuration list for PBXProject "FurnitureApp" */ = {
			isa = XCConfigurationList;
			buildConfigurations = (
				1043AA6E2BE8DB780069BB8B /* Debug */,
				1043AA6F2BE8DB780069BB8B /* Release */,
			);
			defaultConfigurationIsVisible = 0;
			defaultConfigurationName = Release;
		};
		1043AA702BE8DB780069BB8B /* Build configuration list for PBXNativeTarget "FurnitureApp" */ = {
			isa = XCConfigurationList;
			buildConfigurations = (
				1043AA712BE8DB780069BB8B /* Debug */,
				1043AA722BE8DB780069BB8B /* Release */,
			);
			defaultConfigurationIsVisible = 0;
			defaultConfigurationName = Release;
		};
		1043AA732BE8DB780069BB8B /* Build configuration list for PBXNativeTarget "FurnitureAppTests" */ = {
			isa = XCConfigurationList;
			buildConfigurations = (
				1043AA742BE8DB780069BB8B /* Debug */,
				1043AA752BE8DB780069BB8B /* Release */,
			);
			defaultConfigurationIsVisible = 0;
			defaultConfigurationName = Release;
		};
		1043AA762BE8DB780069BB8B /* Build configuration list for PBXNativeTarget "FurnitureAppUITests" */ = {
			isa = XCConfigurationList;
			buildConfigurations = (
				1043AA772BE8DB780069BB8B /* Debug */,
				1043AA782BE8DB780069BB8B /* Release */,
			);
			defaultConfigurationIsVisible = 0;
			defaultConfigurationName = Release;
		};
/* End XCConfigurationList section */
	};
	rootObject = 1043AA442BE8DB760069BB8B /* Project object */;
}
